# THIS IS AN AUTOGENERATED FILE. DO NOT EDIT THIS FILE DIRECTLY.
# yarn lockfile v1


"@auth0/auth0-spa-js@^2.2.0":
  version "2.2.0"
  resolved "https://registry.npmjs.org/@auth0/auth0-spa-js/-/auth0-spa-js-2.2.0.tgz"
  integrity sha512-YaHHCxiSQxDb+Ju9gXOqcqgXWq8EkUSpZC4g24D3MoEBUaADKwOosrAnmjDZcslBZpnSFFdrl4dLYedAer3xlQ==

"@oven/bun-linux-x64-baseline@1.1.42":
  version "1.1.42"
  resolved "https://registry.npmjs.org/@oven/bun-linux-x64-baseline/-/bun-linux-x64-baseline-1.1.42.tgz"
  integrity sha512-UzRNXgHEARFECgz30eot23OnPzd0J2L5SEsGhnGRhfJ706kjz0XmuGMnb9nmnoyHBcd2iSjk4nci1BlGmu4wCA==

"@oven/bun-linux-x64-musl-baseline@1.1.42":
  version "1.1.42"
  resolved "https://registry.npmjs.org/@oven/bun-linux-x64-musl-baseline/-/bun-linux-x64-musl-baseline-1.1.42.tgz"
  integrity sha512-zgeiYJRGO3K4uK6Qdj1B5ZbU9NJxLwF9YGDFu9MtqEplyGNq7SpeuamvcP6SlZGgrVnc3AWrHFEYrVlv5Lqt+w==

"@oven/bun-linux-x64-musl@1.1.42":
  version "1.1.42"
  resolved "https://registry.npmjs.org/@oven/bun-linux-x64-musl/-/bun-linux-x64-musl-1.1.42.tgz"
  integrity sha512-Djye8lPlhVNXdGbMF4bShVop8qvqPhPuPrhxEHfYJ8qhudSs2MiOWR5stvBWe8KLKahqDAWfWXuxByAXVhqb2Q==

"@oven/bun-linux-x64@1.1.42":
  version "1.1.42"
  resolved "https://registry.npmjs.org/@oven/bun-linux-x64/-/bun-linux-x64-1.1.42.tgz"
  integrity sha512-rV8Eqnvo/1z0nwYSiLrbl0F4G8uFQxlGA4P0zggW9W4PSiSHSRhG1aazG/8esBLzJI9CdFNncrtmiRTmWl1mIg==

"@popperjs/core@^2.11.8":
  version "2.11.8"
  resolved "https://registry.npmjs.org/@popperjs/core/-/core-2.11.8.tgz"
  integrity sha512-P1st0aksCrn9sGZhp8GMYwBnQsbvAWsZAX44oXNNvLHGqAOcoVxmjZiohstwQ7SqKnbR47akdNi+uleWD8+g6A==

bootstrap@^5.3.3:
  version "5.3.3"
  resolved "https://registry.npmjs.org/bootstrap/-/bootstrap-5.3.3.tgz"
  integrity sha512-8HLCdWgyoMguSO9o+aH+iuZ+aht+mzW0u3HIMzVu7Srrpv7EBBxTnrFlSCskwdY1+EOFQSm7uMJhNQHkdPcmjg==

bun@^1.1.42:
  version "1.1.42"
  resolved "https://registry.npmjs.org/bun/-/bun-1.1.42.tgz"
  integrity sha512-PckeNolMEBaBEzixTMvp0jJD9r/9lly8AfctILi1ve14zwwChFjsxI4TJLQO2yezzOjVeG0u7xf8WQFbS7GjAA==
  optionalDependencies:
    "@oven/bun-darwin-aarch64" "1.1.42"
    "@oven/bun-darwin-x64" "1.1.42"
    "@oven/bun-darwin-x64-baseline" "1.1.42"
    "@oven/bun-linux-aarch64" "1.1.42"
    "@oven/bun-linux-aarch64-musl" "1.1.42"
    "@oven/bun-linux-x64" "1.1.42"
    "@oven/bun-linux-x64-baseline" "1.1.42"
    "@oven/bun-linux-x64-musl" "1.1.42"
    "@oven/bun-linux-x64-musl-baseline" "1.1.42"
    "@oven/bun-windows-x64" "1.1.42"
    "@oven/bun-windows-x64-baseline" "1.1.42"

classnames@^2.2.6:
  version "2.5.1"
  resolved "https://registry.npmjs.org/classnames/-/classnames-2.5.1.tgz"
  integrity sha512-saHYOzhIQs6wy2sVxTM6bUDsQO4F50V9RQ22qBpEdCW+I+/Wmke2HOl6lS6dTpdxVhb88/I6+Hs+438c3lfUow==

"js-tokens@^3.0.0 || ^4.0.0":
  version "4.0.0"
  resolved "https://registry.npmjs.org/js-tokens/-/js-tokens-4.0.0.tgz"
  integrity sha512-RdJUflcE3cUzKiMqQgsCu06FPu9UdIJO0beYbPhHN4k6apgJtifcoCtT9bcxOpYBtpD2kCM6Sbzg4CausW/PKQ==

lint@^1.1.2:
  version "1.1.2"
  resolved "https://registry.npmjs.org/lint/-/lint-1.1.2.tgz"
  integrity sha512-kOzKdN0iSdkx57102MxZd64yn32rHaB6xqBMN3hyCRiBV2xiurM75XWvTHWNK/SJBCddHPhjDLV+kNr3Uf1MGg==

loose-envify@^1.1.0, loose-envify@^1.4.0:
  version "1.4.0"
  resolved "https://registry.npmjs.org/loose-envify/-/loose-envify-1.4.0.tgz"
  integrity sha512-lyuxPGr/Wfhrlem2CL/UcnUc1zcqKAImBDzukY7Y5F/yQiNdko6+fRLevlw1HgMySw7f611UIY408EtxRSoK3Q==
  dependencies:
    js-tokens "^3.0.0 || ^4.0.0"

object-assign@^4.1.1:
  version "4.1.1"
  resolved "https://registry.npmjs.org/object-assign/-/object-assign-4.1.1.tgz"
  integrity sha512-rJgTQnkUnH1sFw8yT6VSU3zD3sWmu6sZhIseY8VX+GRu3P6F7Fu+JNDoXfklElbLJSnc3FUQHVe4cU5hj+BcUg==

owo@^1.0.2:
  version "1.0.2"
  resolved "https://registry.npmjs.org/owo/-/owo-1.0.2.tgz"
  integrity sha512-+jF+6e3/CNp28Vrdo1GkdN/ra3G/UBwJ1r5W+ED47/LluEzBiZopILX6IhTuads/N/q8lrOR1xHmL6fSsa3jZw==

prop-types@^15.6.2:
  version "15.8.1"
  resolved "https://registry.npmjs.org/prop-types/-/prop-types-15.8.1.tgz"
  integrity sha512-oj87CgZICdulUohogVAR7AjlC0327U4el4L6eAvOqCeudMDVU0NThNaV+b9Df4dXgSP1gXMTnPdhfe/2qDH5cg==
  dependencies:
    loose-envify "^1.4.0"
    object-assign "^4.1.1"
    react-is "^16.13.1"

react-dom@^16.8.6:
  version "16.14.0"
  resolved "https://registry.npmjs.org/react-dom/-/react-dom-16.14.0.tgz"
  integrity sha512-1gCeQXDLoIqMgqD3IO2Ah9bnf0w9kzhwN5q4FGnHZ67hBm9yePzB5JJAIQCc8x3pFnNlwFq4RidZggNAAkzWWw==
  dependencies:
    loose-envify "^1.1.0"
    object-assign "^4.1.1"
    prop-types "^15.6.2"
    scheduler "^0.19.1"

react-is@^16.13.1:
  version "16.13.1"
  resolved "https://registry.npmjs.org/react-is/-/react-is-16.13.1.tgz"
  integrity sha512-24e6ynE2H+OKt4kqsOvNd8kBpV65zoxbA4BVsEOB3ARVWQki/DHzaUoC5KuON/BiccDaCCTZBuOcfZs70kR8bQ==

react@^16.13.0, react@^16.14.0:
  version "16.14.0"
  resolved "https://registry.npmjs.org/react/-/react-16.14.0.tgz"
  integrity sha512-0X2CImDkJGApiAlcf0ODKIneSwBPhqJawOa5wCtKbu7ZECrmS26NvtSILynQ66cgkT/RJ4LidJOc3bUESwmU8g==
  dependencies:
    loose-envify "^1.1.0"
    object-assign "^4.1.1"
    prop-types "^15.6.2"

scheduler@^0.19.1:
  version "0.19.1"
  resolved "https://registry.npmjs.org/scheduler/-/scheduler-0.19.1.tgz"
  integrity sha512-n/zwRWRYSUj0/3g/otKDRPMh6qv2SYMWNq85IEa8iZyAv8od9zDYpGSnpBEjNgcMNq6Scbu5KfIPxNF72R/2EA==
  dependencies:
    loose-envify "^1.1.0"
    object-assign "^4.1.1"

yum-ui@^0.1.0:
  version "0.1.0"
  resolved "https://registry.npmjs.org/yum-ui/-/yum-ui-0.1.0.tgz"
  integrity sha512-+InZRvn5CVjmbk++lufJn5Kf56Dt8Mp44qPlYT5huAL89znVsXhQzSogVQA5V8plSGsyeGjOGmRv2sgXIeWZmw==
  dependencies:
    classnames "^2.2.6"
    react "^16.13.0"
    react-dom "^16.8.6"

yum@^0.0.1:
  version "0.0.1"
  resolved "https://registry.npmjs.org/yum/-/yum-0.0.1.tgz"
  integrity sha512-gxp3qyUWItabHM0MPsrwFEyU96WEA66yLtVJv4NSpXz4RIbeDTm1VoBgdah73r57hsjVDJLnBSh011hYNGaB4w==
